
Microsoft Visual Studio Solution File, Format Version 12.00
# Visual Studio Version 17
VisualStudioVersion = 17.3.32929.385
MinimumVisualStudioVersion = 10.0.40219.1
Project("{FAE04EC0-301F-11D3-BF4B-00C04F79EFBC}") = "AutomatedInformationSystemOfARealEstateAgency", "AutomatedInformationSystemOfARealEstateAgency\AutomatedInformationSystemOfARealEstateAgency.csproj", "{7A5052FD-E50F-496F-8C54-A7CEBB714667}"
EndProject
Project("{54435603-DBB4-11D2-8724-00A0C9A8B90C}") = "AISOfARealEstateAgency2", "AISOfARealEstateAgency2\AISOfARealEstateAgency2.vdproj", "{607B7B80-D122-4D6E-8B7C-0FBBAA0CD485}"
EndProject
Global
	GlobalSection(SolutionConfigurationPlatforms) = preSolution
		Debug|Any CPU = Debug|Any CPU
		Release|Any CPU = Release|Any CPU
	EndGlobalSection
	GlobalSection(ProjectConfigurationPlatforms) = postSolution
		{7A5052FD-E50F-496F-8C54-A7CEBB714667}.Debug|Any CPU.ActiveCfg = Debug|Any CPU
		{7A5052FD-E50F-496F-8C54-A7CEBB714667}.Debug|Any CPU.Build.0 = Debug|Any CPU
		{7A5052FD-E50F-496F-8C54-A7CEBB714667}.Release|Any CPU.ActiveCfg = Release|Any CPU
		{7A5052FD-E50F-496F-8C54-A7CEBB714667}.Release|Any CPU.Build.0 = Release|Any CPU
		{607B7B80-D122-4D6E-8B7C-0FBBAA0CD485}.Debug|Any CPU.ActiveCfg = Debug
		{607B7B80-D122-4D6E-8B7C-0FBBAA0CD485}.Release|Any CPU.ActiveCfg = Release
	EndGlobalSection
	GlobalSection(SolutionProperties) = preSolution
		HideSolutionNode = FALSE
	EndGlobalSection
	GlobalSection(ExtensibilityGlobals) = postSolution
		SolutionGuid = {5FC84F27-2013-4BFE-9E50-F20BEEA4975B}
	EndGlobalSection
EndGlobal
